
Microsoft Visual Studio Solution File, Format Version 12.00
# Visual Studio 2012
Project("{FAE04EC0-301F-11D3-BF4B-00C04F79EFBC}") = "MusicDbFirst", "MusicDbFirst\MusicDbFirst.csproj", "{7C7BA292-8B31-40DD-849B-5CBB24AF0EBE}"
EndProject
Global
	GlobalSection(SolutionConfigurationPlatforms) = preSolution
		Debug|Any CPU = Debug|Any CPU
		Release|Any CPU = Release|Any CPU
	EndGlobalSection
	GlobalSection(ProjectConfigurationPlatforms) = postSolution
		{7C7BA292-8B31-40DD-849B-5CBB24AF0EBE}.Debug|Any CPU.ActiveCfg = Debug|Any CPU
		{7C7BA292-8B31-40DD-849B-5CBB24AF0EBE}.Debug|Any CPU.Build.0 = Debug|Any CPU
		{7C7BA292-8B31-40DD-849B-5CBB24AF0EBE}.Release|Any CPU.ActiveCfg = Release|Any CPU
		{7C7BA292-8B31-40DD-849B-5CBB24AF0EBE}.Release|Any CPU.Build.0 = Release|Any CPU
	EndGlobalSection
	GlobalSection(SolutionProperties) = preSolution
		HideSolutionNode = FALSE
	EndGlobalSection
EndGlobal
